// !$*UTF8*$!
{
	archiveVersion = 1;
	classes = {
	};
	objectVersion = 77;
	objects = {

/* Begin PBXContainerItemProxy section */
		2D5C768B2E267E42002A9E1D /* PBXContainerItemProxy */ = {
			isa = PBXContainerItemProxy;
			containerPortal = 2D5C76692E267E40002A9E1D /* Project object */;
			proxyType = 1;
			remoteGlobalIDString = 2D5C76702E267E41002A9E1D;
			remoteInfo = HoldItTogether;
		};
		2D5C76952E267E42002A9E1D /* PBXContainerItemProxy */ = {
			isa = PBXContainerItemProxy;
			containerPortal = 2D5C76692E267E40002A9E1D /* Project object */;
			proxyType = 1;
			remoteGlobalIDString = 2D5C76702E267E41002A9E1D;
			remoteInfo = HoldItTogether;
		};
/* End PBXContainerItemProxy section */

/* Begin PBXFileReference section */
		2D5C76712E267E41002A9E1D /* HoldItTogether.app */ = {isa = PBXFileReference; explicitFileType = wrapper.application; includeInIndex = 0; path = HoldItTogether.app; sourceTree = BUILT_PRODUCTS_DIR; };
		2D5C768A2E267E42002A9E1D /* HoldItTogetherTests.xctest */ = {isa = PBXFileReference; explicitFileType = wrapper.cfbundle; includeInIndex = 0; path = HoldItTogetherTests.xctest; sourceTree = BUILT_PRODUCTS_DIR; };
		2D5C76942E267E42002A9E1D /* HoldItTogetherUITests.xctest */ = {isa = PBXFileReference; explicitFileType = wrapper.cfbundle; includeInIndex = 0; path = HoldItTogetherUITests.xctest; sourceTree = BUILT_PRODUCTS_DIR; };
/* End PBXFileReference section */

/* Begin PBXFileSystemSynchronizedRootGroup section */
		2D5C76732E267E41002A9E1D /* HoldItTogether */ = {
			isa = PBXFileSystemSynchronizedRootGroup;
			path = HoldItTogether;
			sourceTree = "<group>";
		};
		2D5C768D2E267E42002A9E1D /* HoldItTogetherTests */ = {
			isa = PBXFileSystemSynchronizedRootGroup;
			path = HoldItTogetherTests;
			sourceTree = "<group>";
		};
		2D5C76972E267E42002A9E1D /* HoldItTogetherUITests */ = {
			isa = PBXFileSystemSynchronizedRootGroup;
			path = HoldItTogetherUITests;
			sourceTree = "<group>";
		};
/* End PBXFileSystemSynchronizedRootGroup section */

/* Begin PBXFrameworksBuildPhase section */
		2D5C766E2E267E41002A9E1D /* Frameworks */ = {
			isa = PBXFrameworksBuildPhase;
			buildActionMask = 2147483647;
			files = (
			);
			runOnlyForDeploymentPostprocessing = 0;
		};
		2D5C76872E267E42002A9E1D /* Frameworks */ = {
			isa = PBXFrameworksBuildPhase;
			buildActionMask = 2147483647;
			files = (
			);
			runOnlyForDeploymentPostprocessing = 0;
		};
		2D5C76912E267E42002A9E1D /* Frameworks */ = {
			isa = PBXFrameworksBuildPhase;
			buildActionMask = 2147483647;
			files = (
			);
			runOnlyForDeploymentPostprocessing = 0;
		};
/* End PBXFrameworksBuildPhase section */

/* Begin PBXGroup section */
		2D5C76682E267E40002A9E1D = {
			isa = PBXGroup;
			children = (
				2D5C76732E267E41002A9E1D /* HoldItTogether */,
				2D5C768D2E267E42002A9E1D /* HoldItTogetherTests */,
				2D5C76972E267E42002A9E1D /* HoldItTogetherUITests */,
				2D5C76722E267E41002A9E1D /* Products */,
			);
			sourceTree = "<group>";
		};
		2D5C76722E267E41002A9E1D /* Products */ = {
			isa = PBXGroup;
			children = (
				2D5C76712E267E41002A9E1D /* HoldItTogether.app */,
				2D5C768A2E267E42002A9E1D /* HoldItTogetherTests.xctest */,
				2D5C76942E267E42002A9E1D /* HoldItTogetherUITests.xctest */,
			);
			name = Products;
			sourceTree = "<group>";
		};
/* End PBXGroup section */

/* Begin PBXNativeTarget section */
		2D5C76702E267E41002A9E1D /* HoldItTogether */ = {
			isa = PBXNativeTarget;
			buildConfigurationList = 2D5C769E2E267E42002A9E1D /* Build configuration list for PBXNativeTarget "HoldItTogether" */;
			buildPhases = (
				2D5C766D2E267E41002A9E1D /* Sources */,
				2D5C766E2E267E41002A9E1D /* Frameworks */,
				2D5C766F2E267E41002A9E1D /* Resources */,
			);
			buildRules = (
			);
			dependencies = (
			);
			fileSystemSynchronizedGroups = (
				2D5C76732E267E41002A9E1D /* HoldItTogether */,
			);
			name = HoldItTogether;
			packageProductDependencies = (
			);
			productName = HoldItTogether;
			productReference = 2D5C76712E267E41002A9E1D /* HoldItTogether.app */;
			productType = "com.apple.product-type.application";
		};
		2D5C76892E267E42002A9E1D /* HoldItTogetherTests */ = {
			isa = PBXNativeTarget;
			buildConfigurationList = 2D5C76A12E267E42002A9E1D /* Build configuration list for PBXNativeTarget "HoldItTogetherTests" */;
			buildPhases = (
				2D5C76862E267E42002A9E1D /* Sources */,
				2D5C76872E267E42002A9E1D /* Frameworks */,
				2D5C76882E267E42002A9E1D /* Resources */,
			);
			buildRules = (
			);
			dependencies = (
				2D5C768C2E267E42002A9E1D /* PBXTargetDependency */,
			);
			fileSystemSynchronizedGroups = (
				2D5C768D2E267E42002A9E1D /* HoldItTogetherTests */,
			);
			name = HoldItTogetherTests;
			packageProductDependencies = (
			);
			productName = HoldItTogetherTests;
			productReference = 2D5C768A2E267E42002A9E1D /* HoldItTogetherTests.xctest */;
			productType = "com.apple.product-type.bundle.unit-test";
		};
		2D5C76932E267E42002A9E1D /* HoldItTogetherUITests */ = {
			isa = PBXNativeTarget;
			buildConfigurationList = 2D5C76A42E267E42002A9E1D /* Build configuration list for PBXNativeTarget "HoldItTogetherUITests" */;
			buildPhases = (
				2D5C76902E267E42002A9E1D /* Sources */,
				2D5C76912E267E42002A9E1D /* Frameworks */,
				2D5C76922E267E42002A9E1D /* Resources */,
			);
			buildRules = (
			);
			dependencies = (
				2D5C76962E267E42002A9E1D /* PBXTargetDependency */,
			);
			fileSystemSynchronizedGroups = (
				2D5C76972E267E42002A9E1D /* HoldItTogetherUITests */,
			);
			name = HoldItTogetherUITests;
			packageProductDependencies = (
			);
			productName = HoldItTogetherUITests;
			productReference = 2D5C76942E267E42002A9E1D /* HoldItTogetherUITests.xctest */;
			productType = "com.apple.product-type.bundle.ui-testing";
		};
/* End PBXNativeTarget section */

/* Begin PBXProject section */
		2D5C76692E267E40002A9E1D /* Project object */ = {
			isa = PBXProject;
			attributes = {
				BuildIndependentTargetsInParallel = 1;
				LastSwiftUpdateCheck = 1640;
				LastUpgradeCheck = 1640;
				TargetAttributes = {
					2D5C76702E267E41002A9E1D = {
						CreatedOnToolsVersion = 16.4;
					};
					2D5C76892E267E42002A9E1D = {
						CreatedOnToolsVersion = 16.4;
						TestTargetID = 2D5C76702E267E41002A9E1D;
					};
					2D5C76932E267E42002A9E1D = {
						CreatedOnToolsVersion = 16.4;
						TestTargetID = 2D5C76702E267E41002A9E1D;
					};
				};
			};
			buildConfigurationList = 2D5C766C2E267E40002A9E1D /* Build configuration list for PBXProject "HoldItTogether" */;
			developmentRegion = en;
			hasScannedForEncodings = 0;
			knownRegions = (
				en,
				Base,
			);
			mainGroup = 2D5C76682E267E40002A9E1D;
			minimizedProjectReferenceProxies = 1;
			preferredProjectObjectVersion = 77;
			productRefGroup = 2D5C76722E267E41002A9E1D /* Products */;
			projectDirPath = "";
			projectRoot = "";
			targets = (
				2D5C76702E267E41002A9E1D /* HoldItTogether */,
				2D5C76892E267E42002A9E1D /* HoldItTogetherTests */,
				2D5C76932E267E42002A9E1D /* HoldItTogetherUITests */,
			);
		};
/* End PBXProject section */

/* Begin PBXResourcesBuildPhase section */
		2D5C766F2E267E41002A9E1D /* Resources */ = {
			isa = PBXResourcesBuildPhase;
			buildActionMask = 2147483647;
			files = (
			);
			runOnlyForDeploymentPostprocessing = 0;
		};
		2D5C76882E267E42002A9E1D /* Resources */ = {
			isa = PBXResourcesBuildPhase;
			buildActionMask = 2147483647;
			files = (
			);
			runOnlyForDeploymentPostprocessing = 0;
		};
		2D5C76922E267E42002A9E1D /* Resources */ = {
			isa = PBXResourcesBuildPhase;
			buildActionMask = 2147483647;
			files = (
			);
			runOnlyForDeploymentPostprocessing = 0;
		};
/* End PBXResourcesBuildPhase section */

/* Begin PBXSourcesBuildPhase section */
		2D5C766D2E267E41002A9E1D /* Sources */ = {
			isa = PBXSourcesBuildPhase;
			buildActionMask = 2147483647;
			files = (
			);
			runOnlyForDeploymentPostprocessing = 0;
		};
		2D5C76862E267E42002A9E1D /* Sources */ = {
			isa = PBXSourcesBuildPhase;
			buildActionMask = 2147483647;
			files = (
			);
			runOnlyForDeploymentPostprocessing = 0;
		};
		2D5C76902E267E42002A9E1D /* Sources */ = {
			isa = PBXSourcesBuildPhase;
			buildActionMask = 2147483647;
			files = (
			);
			runOnlyForDeploymentPostprocessing = 0;
		};
/* End PBXSourcesBuildPhase section */

/* Begin PBXTargetDependency section */
		2D5C768C2E267E42002A9E1D /* PBXTargetDependency */ = {
			isa = PBXTargetDependency;
			target = 2D5C76702E267E41002A9E1D /* HoldItTogether */;
			targetProxy = 2D5C768B2E267E42002A9E1D /* PBXContainerItemProxy */;
		};
		2D5C76962E267E42002A9E1D /* PBXTargetDependency */ = {
			isa = PBXTargetDependency;
			target = 2D5C76702E267E41002A9E1D /* HoldItTogether */;
			targetProxy = 2D5C76952E267E42002A9E1D /* PBXContainerItemProxy */;
		};
/* End PBXTargetDependency section */

/* Begin XCBuildConfiguration section */
		2D5C769C2E267E42002A9E1D /* Debug */ = {
			isa = XCBuildConfiguration;
			buildSettings = {
				ALWAYS_SEARCH_USER_PATHS = NO;
				ASSETCATALOG_COMPILER_GENERATE_SWIFT_ASSET_SYMBOL_EXTENSIONS = YES;
				CLANG_ANALYZER_NONNULL = YES;
				CLANG_ANALYZER_NUMBER_OBJECT_CONVERSION = YES_AGGRESSIVE;
				CLANG_CXX_LANGUAGE_STANDARD = "gnu++20";
				CLANG_ENABLE_MODULES = YES;
				CLANG_ENABLE_OBJC_ARC = YES;
				CLANG_ENABLE_OBJC_WEAK = YES;
				CLANG_WARN_BLOCK_CAPTURE_AUTORELEASING = YES;
				CLANG_WARN_BOOL_CONVERSION = YES;
				CLANG_WARN_COMMA = YES;
				CLANG_WARN_CONSTANT_CONVERSION = YES;
				CLANG_WARN_DEPRECATED_OBJC_IMPLEMENTATIONS = YES;
				CLANG_WARN_DIRECT_OBJC_ISA_USAGE = YES_ERROR;
				CLANG_WARN_DOCUMENTATION_COMMENTS = YES;
				CLANG_WARN_EMPTY_BODY = YES;
				CLANG_WARN_ENUM_CONVERSION = YES;
				CLANG_WARN_INFINITE_RECURSION = YES;
				CLANG_WARN_INT_CONVERSION = YES;
				CLANG_WARN_NON_LITERAL_NULL_CONVERSION = YES;
				CLANG_WARN_OBJC_IMPLICIT_RETAIN_SELF = YES;
				CLANG_WARN_OBJC_LITERAL_CONVERSION = YES;
				CLANG_WARN_OBJC_ROOT_CLASS = YES_ERROR;
				CLANG_WARN_QUOTED_INCLUDE_IN_FRAMEWORK_HEADER = YES;
				CLANG_WARN_RANGE_LOOP_ANALYSIS = YES;
				CLANG_WARN_STRICT_PROTOTYPES = YES;
				CLANG_WARN_SUSPICIOUS_MOVE = YES;
				CLANG_WARN_UNGUARDED_AVAILABILITY = YES_AGGRESSIVE;
				CLANG_WARN_UNREACHABLE_CODE = YES;
				CLANG_WARN__DUPLICATE_METHOD_MATCH = YES;
				COPY_PHASE_STRIP = NO;
				DEBUG_INFORMATION_FORMAT = dwarf;
				DEVELOPMENT_TEAM = 27YKQVZ986;
				ENABLE_STRICT_OBJC_MSGSEND = YES;
				ENABLE_TESTABILITY = YES;
				ENABLE_USER_SCRIPT_SANDBOXING = YES;
				GCC_C_LANGUAGE_STANDARD = gnu17;
				GCC_DYNAMIC_NO_PIC = NO;
				GCC_NO_COMMON_BLOCKS = YES;
				GCC_OPTIMIZATION_LEVEL = 0;
				GCC_PREPROCESSOR_DEFINITIONS = (
					"DEBUG=1",
					"$(inherited)",
				);
				GCC_WARN_64_TO_32_BIT_CONVERSION = YES;
				GCC_WARN_ABOUT_RETURN_TYPE = YES_ERROR;
				GCC_WARN_UNDECLARED_SELECTOR = YES;
				GCC_WARN_UNINITIALIZED_AUTOS = YES_AGGRESSIVE;
				GCC_WARN_UNUSED_FUNCTION = YES;
				GCC_WARN_UNUSED_VARIABLE = YES;
				IPHONEOS_DEPLOYMENT_TARGET = 18.5;
				LOCALIZATION_PREFERS_STRING_CATALOGS = YES;
				MTL_ENABLE_DEBUG_INFO = INCLUDE_SOURCE;
				MTL_FAST_MATH = YES;
				ONLY_ACTIVE_ARCH = YES;
				SDKROOT = iphoneos;
				SWIFT_ACTIVE_COMPILATION_CONDITIONS = "DEBUG $(inherited)";
				SWIFT_OPTIMIZATION_LEVEL = "-Onone";
			};
			name = Debug;
		};
		2D5C769D2E267E42002A9E1D /* Release */ = {
			isa = XCBuildConfiguration;
			buildSettings = {
				ALWAYS_SEARCH_USER_PATHS = NO;
				ASSETCATALOG_COMPILER_GENERATE_SWIFT_ASSET_SYMBOL_EXTENSIONS = YES;
				CLANG_ANALYZER_NONNULL = YES;
				CLANG_ANALYZER_NUMBER_OBJECT_CONVERSION = YES_AGGRESSIVE;
				CLANG_CXX_LANGUAGE_STANDARD = "gnu++20";
				CLANG_ENABLE_MODULES = YES;
				CLANG_ENABLE_OBJC_ARC = YES;
				CLANG_ENABLE_OBJC_WEAK = YES;
				CLANG_WARN_BLOCK_CAPTURE_AUTORELEASING = YES;
				CLANG_WARN_BOOL_CONVERSION = YES;
				CLANG_WARN_COMMA = YES;
				CLANG_WARN_CONSTANT_CONVERSION = YES;
				CLANG_WARN_DEPRECATED_OBJC_IMPLEMENTATIONS = YES;
				CLANG_WARN_DIRECT_OBJC_ISA_USAGE = YES_ERROR;
				CLANG_WARN_DOCUMENTATION_COMMENTS = YES;
				CLANG_WARN_EMPTY_BODY = YES;
				CLANG_WARN_ENUM_CONVERSION = YES;
				CLANG_WARN_INFINITE_RECURSION = YES;
				CLANG_WARN_INT_CONVERSION = YES;
				CLANG_WARN_NON_LITERAL_NULL_CONVERSION = YES;
				CLANG_WARN_OBJC_IMPLICIT_RETAIN_SELF = YES;
				CLANG_WARN_OBJC_LITERAL_CONVERSION = YES;
				CLANG_WARN_OBJC_ROOT_CLASS = YES_ERROR;
				CLANG_WARN_QUOTED_INCLUDE_IN_FRAMEWORK_HEADER = YES;
				CLANG_WARN_RANGE_LOOP_ANALYSIS = YES;
				CLANG_WARN_STRICT_PROTOTYPES = YES;
				CLANG_WARN_SUSPICIOUS_MOVE = YES;
				CLANG_WARN_UNGUARDED_AVAILABILITY = YES_AGGRESSIVE;
				CLANG_WARN_UNREACHABLE_CODE = YES;
				CLANG_WARN__DUPLICATE_METHOD_MATCH = YES;
				COPY_PHASE_STRIP = NO;
				DEBUG_INFORMATION_FORMAT = "dwarf-with-dsym";
				DEVELOPMENT_TEAM = 27YKQVZ986;
				ENABLE_NS_ASSERTIONS = NO;
				ENABLE_STRICT_OBJC_MSGSEND = YES;
				ENABLE_USER_SCRIPT_SANDBOXING = YES;
				GCC_C_LANGUAGE_STANDARD = gnu17;
				GCC_NO_COMMON_BLOCKS = YES;
				GCC_WARN_64_TO_32_BIT_CONVERSION = YES;
				GCC_WARN_ABOUT_RETURN_TYPE = YES_ERROR;
				GCC_WARN_UNDECLARED_SELECTOR = YES;
				GCC_WARN_UNINITIALIZED_AUTOS = YES_AGGRESSIVE;
				GCC_WARN_UNUSED_FUNCTION = YES;
				GCC_WARN_UNUSED_VARIABLE = YES;
				IPHONEOS_DEPLOYMENT_TARGET = 18.5;
				LOCALIZATION_PREFERS_STRING_CATALOGS = YES;
				MTL_ENABLE_DEBUG_INFO = NO;
				MTL_FAST_MATH = YES;
				SDKROOT = iphoneos;
				SWIFT_COMPILATION_MODE = wholemodule;
				VALIDATE_PRODUCT = YES;
			};
			name = Release;
		};
		2D5C769F2E267E42002A9E1D /* Debug */ = {
			isa = XCBuildConfiguration;
			buildSettings = {
				ASSETCATALOG_COMPILER_APPICON_NAME = AppIcon;
				ASSETCATALOG_COMPILER_GLOBAL_ACCENT_COLOR_NAME = AccentColor;
				CODE_SIGN_STYLE = Automatic;
				CURRENT_PROJECT_VERSION = 1;
				DEVELOPMENT_TEAM = 27YKQVZ986;
				GENERATE_INFOPLIST_FILE = YES;
				INFOPLIST_KEY_UIApplicationSupportsIndirectInputEvents = YES;
				INFOPLIST_KEY_UILaunchStoryboardName = LaunchScreen;
				INFOPLIST_KEY_UIMainStoryboardFile = Main;
				INFOPLIST_KEY_UIStatusBarHidden = YES;
				INFOPLIST_KEY_UISupportedInterfaceOrientations_iPad = "UIInterfaceOrientationPortrait UIInterfaceOrientationPortraitUpsideDown UIInterfaceOrientationLandscapeLeft UIInterfaceOrientationLandscapeRight";
				INFOPLIST_KEY_UISupportedInterfaceOrientations_iPhone = "UIInterfaceOrientationPortrait UIInterfaceOrientationLandscapeLeft UIInterfaceOrientationLandscapeRight";
				LD_RUNPATH_SEARCH_PATHS = (
					"$(inherited)",
					"@executable_path/Frameworks",
				);
				MARKETING_VERSION = 1.0;
				PRODUCT_BUNDLE_IDENTIFIER = orcadigital.HoldItTogether;
				PRODUCT_NAME = "$(TARGET_NAME)";
				SWIFT_EMIT_LOC_STRINGS = YES;
				SWIFT_VERSION = 5.0;
				TARGETED_DEVICE_FAMILY = "1,2";
			};
			name = Debug;
		};
		2D5C76A02E267E42002A9E1D /* Release */ = {
			isa = XCBuildConfiguration;
			buildSettings = {
				ASSETCATALOG_COMPILER_APPICON_NAME = AppIcon;
				ASSETCATALOG_COMPILER_GLOBAL_ACCENT_COLOR_NAME = AccentColor;
				CODE_SIGN_STYLE = Automatic;
				CURRENT_PROJECT_VERSION = 1;
				DEVELOPMENT_TEAM = 27YKQVZ986;
				GENERATE_INFOPLIST_FILE = YES;
				INFOPLIST_KEY_UIApplicationSupportsIndirectInputEvents = YES;
				INFOPLIST_KEY_UILaunchStoryboardName = LaunchScreen;
				INFOPLIST_KEY_UIMainStoryboardFile = Main;
				INFOPLIST_KEY_UIStatusBarHidden = YES;
				INFOPLIST_KEY_UISupportedInterfaceOrientations_iPad = "UIInterfaceOrientationPortrait UIInterfaceOrientationPortraitUpsideDown UIInterfaceOrientationLandscapeLeft UIInterfaceOrientationLandscapeRight";
				INFOPLIST_KEY_UISupportedInterfaceOrientations_iPhone = "UIInterfaceOrientationPortrait UIInterfaceOrientationLandscapeLeft UIInterfaceOrientationLandscapeRight";
				LD_RUNPATH_SEARCH_PATHS = (
					"$(inherited)",
					"@executable_path/Frameworks",
				);
				MARKETING_VERSION = 1.0;
				PRODUCT_BUNDLE_IDENTIFIER = orcadigital.HoldItTogether;
				PRODUCT_NAME = "$(TARGET_NAME)";
				SWIFT_EMIT_LOC_STRINGS = YES;
				SWIFT_VERSION = 5.0;
				TARGETED_DEVICE_FAMILY = "1,2";
			};
			name = Release;
		};
		2D5C76A22E267E42002A9E1D /* Debug */ = {
			isa = XCBuildConfiguration;
			buildSettings = {
				BUNDLE_LOADER = "$(TEST_HOST)";
				CODE_SIGN_STYLE = Automatic;
				CURRENT_PROJECT_VERSION = 1;
				DEVELOPMENT_TEAM = 27YKQVZ986;
				GENERATE_INFOPLIST_FILE = YES;
				IPHONEOS_DEPLOYMENT_TARGET = 18.5;
				MARKETING_VERSION = 1.0;
				PRODUCT_BUNDLE_IDENTIFIER = orcadigital.HoldItTogetherTests;
				PRODUCT_NAME = "$(TARGET_NAME)";
				SWIFT_EMIT_LOC_STRINGS = NO;
				SWIFT_VERSION = 5.0;
				TARGETED_DEVICE_FAMILY = "1,2";
				TEST_HOST = "$(BUILT_PRODUCTS_DIR)/HoldItTogether.app/$(BUNDLE_EXECUTABLE_FOLDER_PATH)/HoldItTogether";
			};
			name = Debug;
		};
		2D5C76A32E267E42002A9E1D /* Release */ = {
			isa = XCBuildConfiguration;
			buildSettings = {
				BUNDLE_LOADER = "$(TEST_HOST)";
				CODE_SIGN_STYLE = Automatic;
				CURRENT_PROJECT_VERSION = 1;
				DEVELOPMENT_TEAM = 27YKQVZ986;
				GENERATE_INFOPLIST_FILE = YES;
				IPHONEOS_DEPLOYMENT_TARGET = 18.5;
				MARKETING_VERSION = 1.0;
				PRODUCT_BUNDLE_IDENTIFIER = orcadigital.HoldItTogetherTests;
				PRODUCT_NAME = "$(TARGET_NAME)";
				SWIFT_EMIT_LOC_STRINGS = NO;
				SWIFT_VERSION = 5.0;
				TARGETED_DEVICE_FAMILY = "1,2";
				TEST_HOST = "$(BUILT_PRODUCTS_DIR)/HoldItTogether.app/$(BUNDLE_EXECUTABLE_FOLDER_PATH)/HoldItTogether";
			};
			name = Release;
		};
		2D5C76A52E267E42002A9E1D /* Debug */ = {
			isa = XCBuildConfiguration;
			buildSettings = {
				CODE_SIGN_STYLE = Automatic;
				CURRENT_PROJECT_VERSION = 1;
				DEVELOPMENT_TEAM = 27YKQVZ986;
				GENERATE_INFOPLIST_FILE = YES;
				MARKETING_VERSION = 1.0;
				PRODUCT_BUNDLE_IDENTIFIER = orcadigital.HoldItTogetherUITests;
				PRODUCT_NAME = "$(TARGET_NAME)";
				SWIFT_EMIT_LOC_STRINGS = NO;
				SWIFT_VERSION = 5.0;
				TARGETED_DEVICE_FAMILY = "1,2";
				TEST_TARGET_NAME = HoldItTogether;
			};
			name = Debug;
		};
		2D5C76A62E267E42002A9E1D /* Release */ = {
			isa = XCBuildConfiguration;
			buildSettings = {
				CODE_SIGN_STYLE = Automatic;
				CURRENT_PROJECT_VERSION = 1;
				DEVELOPMENT_TEAM = 27YKQVZ986;
				GENERATE_INFOPLIST_FILE = YES;
				MARKETING_VERSION = 1.0;
				PRODUCT_BUNDLE_IDENTIFIER = orcadigital.HoldItTogetherUITests;
				PRODUCT_NAME = "$(TARGET_NAME)";
				SWIFT_EMIT_LOC_STRINGS = NO;
				SWIFT_VERSION = 5.0;
				TARGETED_DEVICE_FAMILY = "1,2";
				TEST_TARGET_NAME = HoldItTogether;
			};
			name = Release;
		};
/* End XCBuildConfiguration section */

/* Begin XCConfigurationList section */
		2D5C766C2E267E40002A9E1D /* Build configuration list for PBXProject "HoldItTogether" */ = {
			isa = XCConfigurationList;
			buildConfigurations = (
				2D5C769C2E267E42002A9E1D /* Debug */,
				2D5C769D2E267E42002A9E1D /* Release */,
			);
			defaultConfigurationIsVisible = 0;
			defaultConfigurationName = Release;
		};
		2D5C769E2E267E42002A9E1D /* Build configuration list for PBXNativeTarget "HoldItTogether" */ = {
			isa = XCConfigurationList;
			buildConfigurations = (
				2D5C769F2E267E42002A9E1D /* Debug */,
				2D5C76A02E267E42002A9E1D /* Release */,
			);
			defaultConfigurationIsVisible = 0;
			defaultConfigurationName = Release;
		};
		2D5C76A12E267E42002A9E1D /* Build configuration list for PBXNativeTarget "HoldItTogetherTests" */ = {
			isa = XCConfigurationList;
			buildConfigurations = (
				2D5C76A22E267E42002A9E1D /* Debug */,
				2D5C76A32E267E42002A9E1D /* Release */,
			);
			defaultConfigurationIsVisible = 0;
			defaultConfigurationName = Release;
		};
		2D5C76A42E267E42002A9E1D /* Build configuration list for PBXNativeTarget "HoldItTogetherUITests" */ = {
			isa = XCConfigurationList;
			buildConfigurations = (
				2D5C76A52E267E42002A9E1D /* Debug */,
				2D5C76A62E267E42002A9E1D /* Release */,
			);
			defaultConfigurationIsVisible = 0;
			defaultConfigurationName = Release;
		};
/* End XCConfigurationList section */
	};
	rootObject = 2D5C76692E267E40002A9E1D /* Project object */;
}
